
Microsoft Visual Studio Solution File, Format Version 12.00
# Visual Studio Version 17
VisualStudioVersion = 17.10.35122.118
MinimumVisualStudioVersion = 10.0.40219.1
Project("{FAE04EC0-301F-11D3-BF4B-00C04F79EFBC}") = "Visual", "Visual\Visual.csproj", "{16B02B1D-FA40-464D-A7ED-09A2012C5971}"
EndProject
Project("{FAE04EC0-301F-11D3-BF4B-00C04F79EFBC}") = "Capa_datos", "Capa_datos\Capa_datos.csproj", "{513239B3-B109-4D12-9773-485A6D741AFC}"
EndProject
Project("{FAE04EC0-301F-11D3-BF4B-00C04F79EFBC}") = "Capa_Entidades", "Capa_Entidades\Capa_Entidades.csproj", "{A2B08A82-BF6B-47C6-87AE-32F80415B1F3}"
EndProject
Project("{FAE04EC0-301F-11D3-BF4B-00C04F79EFBC}") = "Logica_capa", "Logica_capa\Logica_capa.csproj", "{29C61E81-79F2-4E7F-A7F9-6D502D9FC9F0}"
EndProject
Project("{FAE04EC0-301F-11D3-BF4B-00C04F79EFBC}") = "Bot", "Bot\Bot.csproj", "{D5A51097-E083-4A43-A509-F708DB537CEC}"
EndProject
Global
	GlobalSection(SolutionConfigurationPlatforms) = preSolution
		Debug|Any CPU = Debug|Any CPU
		Release|Any CPU = Release|Any CPU
	EndGlobalSection
	GlobalSection(ProjectConfigurationPlatforms) = postSolution
		{16B02B1D-FA40-464D-A7ED-09A2012C5971}.Debug|Any CPU.ActiveCfg = Debug|Any CPU
		{16B02B1D-FA40-464D-A7ED-09A2012C5971}.Debug|Any CPU.Build.0 = Debug|Any CPU
		{16B02B1D-FA40-464D-A7ED-09A2012C5971}.Release|Any CPU.ActiveCfg = Release|Any CPU
		{16B02B1D-FA40-464D-A7ED-09A2012C5971}.Release|Any CPU.Build.0 = Release|Any CPU
		{513239B3-B109-4D12-9773-485A6D741AFC}.Debug|Any CPU.ActiveCfg = Debug|Any CPU
		{513239B3-B109-4D12-9773-485A6D741AFC}.Debug|Any CPU.Build.0 = Debug|Any CPU
		{513239B3-B109-4D12-9773-485A6D741AFC}.Release|Any CPU.ActiveCfg = Release|Any CPU
		{513239B3-B109-4D12-9773-485A6D741AFC}.Release|Any CPU.Build.0 = Release|Any CPU
		{A2B08A82-BF6B-47C6-87AE-32F80415B1F3}.Debug|Any CPU.ActiveCfg = Debug|Any CPU
		{A2B08A82-BF6B-47C6-87AE-32F80415B1F3}.Debug|Any CPU.Build.0 = Debug|Any CPU
		{A2B08A82-BF6B-47C6-87AE-32F80415B1F3}.Release|Any CPU.ActiveCfg = Release|Any CPU
		{A2B08A82-BF6B-47C6-87AE-32F80415B1F3}.Release|Any CPU.Build.0 = Release|Any CPU
		{29C61E81-79F2-4E7F-A7F9-6D502D9FC9F0}.Debug|Any CPU.ActiveCfg = Debug|Any CPU
		{29C61E81-79F2-4E7F-A7F9-6D502D9FC9F0}.Debug|Any CPU.Build.0 = Debug|Any CPU
		{29C61E81-79F2-4E7F-A7F9-6D502D9FC9F0}.Release|Any CPU.ActiveCfg = Release|Any CPU
		{29C61E81-79F2-4E7F-A7F9-6D502D9FC9F0}.Release|Any CPU.Build.0 = Release|Any CPU
		{D5A51097-E083-4A43-A509-F708DB537CEC}.Debug|Any CPU.ActiveCfg = Debug|Any CPU
		{D5A51097-E083-4A43-A509-F708DB537CEC}.Debug|Any CPU.Build.0 = Debug|Any CPU
		{D5A51097-E083-4A43-A509-F708DB537CEC}.Release|Any CPU.ActiveCfg = Release|Any CPU
		{D5A51097-E083-4A43-A509-F708DB537CEC}.Release|Any CPU.Build.0 = Release|Any CPU
	EndGlobalSection
	GlobalSection(SolutionProperties) = preSolution
		HideSolutionNode = FALSE
	EndGlobalSection
	GlobalSection(ExtensibilityGlobals) = postSolution
		SolutionGuid = {947842AD-BF0D-4612-BABA-CDF04183F863}
	EndGlobalSection
EndGlobal
